
Microsoft Visual Studio Solution File, Format Version 12.00
# Visual Studio 15
VisualStudioVersion = 15.0.28307.421
MinimumVisualStudioVersion = 10.0.40219.1
Project("{FAE04EC0-301F-11D3-BF4B-00C04F79EFBC}") = "A5", "A5\A5.csproj", "{78A8D2FB-47FB-4EF7-9A05-BF141C2BF11E}"
EndProject
Project("{FAE04EC0-301F-11D3-BF4B-00C04F79EFBC}") = "A5Tests", "A5Tests\A5Tests.csproj", "{147EBFBA-069E-4C98-B2CE-6A133EFF9C3F}"
EndProject
Project("{FAE04EC0-301F-11D3-BF4B-00C04F79EFBC}") = "TestCommon", "..\Common\TestCommon\TestCommon.csproj", "{C39FF0C4-6960-42AD-8E2C-D2CAFE850A52}"
EndProject
Global
	GlobalSection(SolutionConfigurationPlatforms) = preSolution
		Debug|Any CPU = Debug|Any CPU
		Release|Any CPU = Release|Any CPU
	EndGlobalSection
	GlobalSection(ProjectConfigurationPlatforms) = postSolution
		{78A8D2FB-47FB-4EF7-9A05-BF141C2BF11E}.Debug|Any CPU.ActiveCfg = Debug|Any CPU
		{78A8D2FB-47FB-4EF7-9A05-BF141C2BF11E}.Debug|Any CPU.Build.0 = Debug|Any CPU
		{78A8D2FB-47FB-4EF7-9A05-BF141C2BF11E}.Release|Any CPU.ActiveCfg = Release|Any CPU
		{78A8D2FB-47FB-4EF7-9A05-BF141C2BF11E}.Release|Any CPU.Build.0 = Release|Any CPU
		{147EBFBA-069E-4C98-B2CE-6A133EFF9C3F}.Debug|Any CPU.ActiveCfg = Debug|Any CPU
		{147EBFBA-069E-4C98-B2CE-6A133EFF9C3F}.Debug|Any CPU.Build.0 = Debug|Any CPU
		{147EBFBA-069E-4C98-B2CE-6A133EFF9C3F}.Release|Any CPU.ActiveCfg = Release|Any CPU
		{147EBFBA-069E-4C98-B2CE-6A133EFF9C3F}.Release|Any CPU.Build.0 = Release|Any CPU
		{C39FF0C4-6960-42AD-8E2C-D2CAFE850A52}.Debug|Any CPU.ActiveCfg = Debug|Any CPU
		{C39FF0C4-6960-42AD-8E2C-D2CAFE850A52}.Debug|Any CPU.Build.0 = Debug|Any CPU
		{C39FF0C4-6960-42AD-8E2C-D2CAFE850A52}.Release|Any CPU.ActiveCfg = Release|Any CPU
		{C39FF0C4-6960-42AD-8E2C-D2CAFE850A52}.Release|Any CPU.Build.0 = Release|Any CPU
	EndGlobalSection
	GlobalSection(SolutionProperties) = preSolution
		HideSolutionNode = FALSE
	EndGlobalSection
	GlobalSection(ExtensibilityGlobals) = postSolution
		SolutionGuid = {915BC421-F6C5-44BE-B02A-68CC09D97569}
	EndGlobalSection
EndGlobal
