
Microsoft Visual Studio Solution File, Format Version 12.00
# Visual Studio 15
VisualStudioVersion = 15.0.28307.421
MinimumVisualStudioVersion = 10.0.40219.1
Project("{FAE04EC0-301F-11D3-BF4B-00C04F79EFBC}") = "Exam2", "Exam2\Exam2.csproj", "{FC365F57-D0E7-43F3-A2D7-E942D98434DA}"
EndProject
Project("{FAE04EC0-301F-11D3-BF4B-00C04F79EFBC}") = "Exam2Tests", "Exam2Tests\Exam2Tests.csproj", "{53DF4962-ED80-4D1D-B383-C8E8E0B269BF}"
EndProject
Project("{FAE04EC0-301F-11D3-BF4B-00C04F79EFBC}") = "TestCommon", "..\Common\TestCommon\TestCommon.csproj", "{C39FF0C4-6960-42AD-8E2C-D2CAFE850A52}"
EndProject
Global
	GlobalSection(SolutionConfigurationPlatforms) = preSolution
		Debug|Any CPU = Debug|Any CPU
		Release|Any CPU = Release|Any CPU
	EndGlobalSection
	GlobalSection(ProjectConfigurationPlatforms) = postSolution
		{FC365F57-D0E7-43F3-A2D7-E942D98434DA}.Debug|Any CPU.ActiveCfg = Debug|Any CPU
		{FC365F57-D0E7-43F3-A2D7-E942D98434DA}.Debug|Any CPU.Build.0 = Debug|Any CPU
		{FC365F57-D0E7-43F3-A2D7-E942D98434DA}.Release|Any CPU.ActiveCfg = Release|Any CPU
		{FC365F57-D0E7-43F3-A2D7-E942D98434DA}.Release|Any CPU.Build.0 = Release|Any CPU
		{53DF4962-ED80-4D1D-B383-C8E8E0B269BF}.Debug|Any CPU.ActiveCfg = Debug|Any CPU
		{53DF4962-ED80-4D1D-B383-C8E8E0B269BF}.Debug|Any CPU.Build.0 = Debug|Any CPU
		{53DF4962-ED80-4D1D-B383-C8E8E0B269BF}.Release|Any CPU.ActiveCfg = Release|Any CPU
		{53DF4962-ED80-4D1D-B383-C8E8E0B269BF}.Release|Any CPU.Build.0 = Release|Any CPU
		{C39FF0C4-6960-42AD-8E2C-D2CAFE850A52}.Debug|Any CPU.ActiveCfg = Debug|Any CPU
		{C39FF0C4-6960-42AD-8E2C-D2CAFE850A52}.Debug|Any CPU.Build.0 = Debug|Any CPU
		{C39FF0C4-6960-42AD-8E2C-D2CAFE850A52}.Release|Any CPU.ActiveCfg = Release|Any CPU
		{C39FF0C4-6960-42AD-8E2C-D2CAFE850A52}.Release|Any CPU.Build.0 = Release|Any CPU
	EndGlobalSection
	GlobalSection(SolutionProperties) = preSolution
		HideSolutionNode = FALSE
	EndGlobalSection
	GlobalSection(ExtensibilityGlobals) = postSolution
		SolutionGuid = {47459F8B-520C-4D4A-88F0-19ADAA162EBF}
	EndGlobalSection
EndGlobal
