
Microsoft Visual Studio Solution File, Format Version 12.00
# Visual Studio 15
VisualStudioVersion = 15.0.28307.421
MinimumVisualStudioVersion = 10.0.40219.1
Project("{FAE04EC0-301F-11D3-BF4B-00C04F79EFBC}") = "A1", "A1\A1.csproj", "{D69C80E5-D954-4C44-BD05-BB1089B28A38}"
EndProject
Project("{FAE04EC0-301F-11D3-BF4B-00C04F79EFBC}") = "A1Tests", "A1Tests\A1Tests.csproj", "{E3DAF391-ECE1-4F54-BBF1-90D2D067D57E}"
EndProject
Project("{FAE04EC0-301F-11D3-BF4B-00C04F79EFBC}") = "TestCommon", "..\Common\TestCommon\TestCommon.csproj", "{C39FF0C4-6960-42AD-8E2C-D2CAFE850A52}"
EndProject
Global
	GlobalSection(SolutionConfigurationPlatforms) = preSolution
		Debug|Any CPU = Debug|Any CPU
		Release|Any CPU = Release|Any CPU
	EndGlobalSection
	GlobalSection(ProjectConfigurationPlatforms) = postSolution
		{D69C80E5-D954-4C44-BD05-BB1089B28A38}.Debug|Any CPU.ActiveCfg = Debug|Any CPU
		{D69C80E5-D954-4C44-BD05-BB1089B28A38}.Debug|Any CPU.Build.0 = Debug|Any CPU
		{D69C80E5-D954-4C44-BD05-BB1089B28A38}.Release|Any CPU.ActiveCfg = Release|Any CPU
		{D69C80E5-D954-4C44-BD05-BB1089B28A38}.Release|Any CPU.Build.0 = Release|Any CPU
		{E3DAF391-ECE1-4F54-BBF1-90D2D067D57E}.Debug|Any CPU.ActiveCfg = Debug|Any CPU
		{E3DAF391-ECE1-4F54-BBF1-90D2D067D57E}.Debug|Any CPU.Build.0 = Debug|Any CPU
		{E3DAF391-ECE1-4F54-BBF1-90D2D067D57E}.Release|Any CPU.ActiveCfg = Release|Any CPU
		{E3DAF391-ECE1-4F54-BBF1-90D2D067D57E}.Release|Any CPU.Build.0 = Release|Any CPU
		{C39FF0C4-6960-42AD-8E2C-D2CAFE850A52}.Debug|Any CPU.ActiveCfg = Debug|Any CPU
		{C39FF0C4-6960-42AD-8E2C-D2CAFE850A52}.Debug|Any CPU.Build.0 = Debug|Any CPU
		{C39FF0C4-6960-42AD-8E2C-D2CAFE850A52}.Release|Any CPU.ActiveCfg = Release|Any CPU
		{C39FF0C4-6960-42AD-8E2C-D2CAFE850A52}.Release|Any CPU.Build.0 = Release|Any CPU
	EndGlobalSection
	GlobalSection(SolutionProperties) = preSolution
		HideSolutionNode = FALSE
	EndGlobalSection
	GlobalSection(ExtensibilityGlobals) = postSolution
		SolutionGuid = {A56CEF1D-5C36-41A4-93DE-B4D46F1F64DB}
	EndGlobalSection
EndGlobal
