
Microsoft Visual Studio Solution File, Format Version 12.00
# Visual Studio 15
VisualStudioVersion = 15.0.28307.421
MinimumVisualStudioVersion = 10.0.40219.1
Project("{FAE04EC0-301F-11D3-BF4B-00C04F79EFBC}") = "A10", "A10\A10.csproj", "{140EFABF-1095-4186-A798-D3F1989224F8}"
EndProject
Project("{FAE04EC0-301F-11D3-BF4B-00C04F79EFBC}") = "A10Tests", "A10Tests\A10Tests.csproj", "{1587EBC9-EF60-4108-8238-D99AD6BF023C}"
EndProject
Project("{FAE04EC0-301F-11D3-BF4B-00C04F79EFBC}") = "TestCommon", "..\Common\TestCommon\TestCommon.csproj", "{C39FF0C4-6960-42AD-8E2C-D2CAFE850A52}"
EndProject
Global
	GlobalSection(SolutionConfigurationPlatforms) = preSolution
		Debug|Any CPU = Debug|Any CPU
		Release|Any CPU = Release|Any CPU
	EndGlobalSection
	GlobalSection(ProjectConfigurationPlatforms) = postSolution
		{140EFABF-1095-4186-A798-D3F1989224F8}.Debug|Any CPU.ActiveCfg = Debug|Any CPU
		{140EFABF-1095-4186-A798-D3F1989224F8}.Debug|Any CPU.Build.0 = Debug|Any CPU
		{140EFABF-1095-4186-A798-D3F1989224F8}.Release|Any CPU.ActiveCfg = Release|Any CPU
		{140EFABF-1095-4186-A798-D3F1989224F8}.Release|Any CPU.Build.0 = Release|Any CPU
		{1587EBC9-EF60-4108-8238-D99AD6BF023C}.Debug|Any CPU.ActiveCfg = Debug|Any CPU
		{1587EBC9-EF60-4108-8238-D99AD6BF023C}.Debug|Any CPU.Build.0 = Debug|Any CPU
		{1587EBC9-EF60-4108-8238-D99AD6BF023C}.Release|Any CPU.ActiveCfg = Release|Any CPU
		{1587EBC9-EF60-4108-8238-D99AD6BF023C}.Release|Any CPU.Build.0 = Release|Any CPU
		{C39FF0C4-6960-42AD-8E2C-D2CAFE850A52}.Debug|Any CPU.ActiveCfg = Debug|Any CPU
		{C39FF0C4-6960-42AD-8E2C-D2CAFE850A52}.Debug|Any CPU.Build.0 = Debug|Any CPU
		{C39FF0C4-6960-42AD-8E2C-D2CAFE850A52}.Release|Any CPU.ActiveCfg = Release|Any CPU
		{C39FF0C4-6960-42AD-8E2C-D2CAFE850A52}.Release|Any CPU.Build.0 = Release|Any CPU
	EndGlobalSection
	GlobalSection(SolutionProperties) = preSolution
		HideSolutionNode = FALSE
	EndGlobalSection
	GlobalSection(ExtensibilityGlobals) = postSolution
		SolutionGuid = {6BAC6345-2D11-4555-99A5-DD1B088D1DD8}
	EndGlobalSection
EndGlobal
